
Microsoft Visual Studio Solution File, Format Version 12.00
# Visual Studio Version 17
VisualStudioVersion = 17.11.35303.130
MinimumVisualStudioVersion = 10.0.40219.1
Project("{9A19103F-16F7-4668-BE54-9A1E7A4F7556}") = "RBAC.RestAPI", "RBAC.RestAPI\RBAC.RestAPI.csproj", "{90944C26-1C4E-4440-9C90-C443D1D6D2CE}"
EndProject
Project("{9A19103F-16F7-4668-BE54-9A1E7A4F7556}") = "RBAC.SQLLite", "RBAC.SQLLite\RBAC.SQLLite.csproj", "{0A407B79-6B24-4498-8712-3A0247BCD3B7}"
EndProject
Project("{9A19103F-16F7-4668-BE54-9A1E7A4F7556}") = "RBAC.Blazor", "RBAC.Blazor\RBAC.Blazor.csproj", "{212D3B7D-A24B-46D5-AA9B-FF405D725697}"
EndProject
Global
	GlobalSection(SolutionConfigurationPlatforms) = preSolution
		Debug|Any CPU = Debug|Any CPU
		Release|Any CPU = Release|Any CPU
	EndGlobalSection
	GlobalSection(ProjectConfigurationPlatforms) = postSolution
		{90944C26-1C4E-4440-9C90-C443D1D6D2CE}.Debug|Any CPU.ActiveCfg = Debug|Any CPU
		{90944C26-1C4E-4440-9C90-C443D1D6D2CE}.Debug|Any CPU.Build.0 = Debug|Any CPU
		{90944C26-1C4E-4440-9C90-C443D1D6D2CE}.Release|Any CPU.ActiveCfg = Release|Any CPU
		{90944C26-1C4E-4440-9C90-C443D1D6D2CE}.Release|Any CPU.Build.0 = Release|Any CPU
		{0A407B79-6B24-4498-8712-3A0247BCD3B7}.Debug|Any CPU.ActiveCfg = Debug|Any CPU
		{0A407B79-6B24-4498-8712-3A0247BCD3B7}.Debug|Any CPU.Build.0 = Debug|Any CPU
		{0A407B79-6B24-4498-8712-3A0247BCD3B7}.Release|Any CPU.ActiveCfg = Release|Any CPU
		{0A407B79-6B24-4498-8712-3A0247BCD3B7}.Release|Any CPU.Build.0 = Release|Any CPU
		{212D3B7D-A24B-46D5-AA9B-FF405D725697}.Debug|Any CPU.ActiveCfg = Debug|Any CPU
		{212D3B7D-A24B-46D5-AA9B-FF405D725697}.Debug|Any CPU.Build.0 = Debug|Any CPU
		{212D3B7D-A24B-46D5-AA9B-FF405D725697}.Release|Any CPU.ActiveCfg = Release|Any CPU
		{212D3B7D-A24B-46D5-AA9B-FF405D725697}.Release|Any CPU.Build.0 = Release|Any CPU
	EndGlobalSection
	GlobalSection(SolutionProperties) = preSolution
		HideSolutionNode = FALSE
	EndGlobalSection
	GlobalSection(ExtensibilityGlobals) = postSolution
		SolutionGuid = {F5739A3F-33A1-4E48-AF1E-39195C7A3C54}
	EndGlobalSection
EndGlobal
